
Microsoft Visual Studio Solution File, Format Version 12.00
# Visual Studio Version 17
VisualStudioVersion = 17.4.33122.133
MinimumVisualStudioVersion = 10.0.40219.1
Project("{FAE04EC0-301F-11D3-BF4B-00C04F79EFBC}") = "SistemaGestionWebApi", "SistemaGestionWebApi.csproj", "{45AA8024-6846-41A8-9D9C-BF11474EC076}"
EndProject
Global
	GlobalSection(SolutionConfigurationPlatforms) = preSolution
		Debug|Any CPU = Debug|Any CPU
		Release|Any CPU = Release|Any CPU
	EndGlobalSection
	GlobalSection(ProjectConfigurationPlatforms) = postSolution
		{45AA8024-6846-41A8-9D9C-BF11474EC076}.Debug|Any CPU.ActiveCfg = Debug|Any CPU
		{45AA8024-6846-41A8-9D9C-BF11474EC076}.Debug|Any CPU.Build.0 = Debug|Any CPU
		{45AA8024-6846-41A8-9D9C-BF11474EC076}.Release|Any CPU.ActiveCfg = Release|Any CPU
		{45AA8024-6846-41A8-9D9C-BF11474EC076}.Release|Any CPU.Build.0 = Release|Any CPU
	EndGlobalSection
	GlobalSection(SolutionProperties) = preSolution
		HideSolutionNode = FALSE
	EndGlobalSection
	GlobalSection(ExtensibilityGlobals) = postSolution
		SolutionGuid = {02A907C6-7C9A-468E-8B78-CBB4EEFDD411}
	EndGlobalSection
EndGlobal
